
Microsoft Visual Studio Solution File, Format Version 12.00
# Visual Studio Version 16
VisualStudioVersion = 16.0.30413.136
MinimumVisualStudioVersion = 10.0.40219.1
Project("{FAE04EC0-301F-11D3-BF4B-00C04F79EFBC}") = "XW.EMR.SysManager.Services", "XW.EMR.SysManager\XW.EMR.SysManager.Services.csproj", "{818E05E7-6542-4EB7-9BA9-CB351BA0D95F}"
EndProject
Project("{FAE04EC0-301F-11D3-BF4B-00C04F79EFBC}") = "XW.EMR.SysManager.Model", "XW.EMR.SysManager.Model\XW.EMR.SysManager.Model.csproj", "{4EAD3BD6-E452-4B22-B7BC-2754B411FDB4}"
EndProject
Global
	GlobalSection(SolutionConfigurationPlatforms) = preSolution
		Debug|Any CPU = Debug|Any CPU
		Release|Any CPU = Release|Any CPU
	EndGlobalSection
	GlobalSection(ProjectConfigurationPlatforms) = postSolution
		{818E05E7-6542-4EB7-9BA9-CB351BA0D95F}.Debug|Any CPU.ActiveCfg = Debug|Any CPU
		{818E05E7-6542-4EB7-9BA9-CB351BA0D95F}.Debug|Any CPU.Build.0 = Debug|Any CPU
		{818E05E7-6542-4EB7-9BA9-CB351BA0D95F}.Release|Any CPU.ActiveCfg = Release|Any CPU
		{818E05E7-6542-4EB7-9BA9-CB351BA0D95F}.Release|Any CPU.Build.0 = Release|Any CPU
		{4EAD3BD6-E452-4B22-B7BC-2754B411FDB4}.Debug|Any CPU.ActiveCfg = Debug|Any CPU
		{4EAD3BD6-E452-4B22-B7BC-2754B411FDB4}.Debug|Any CPU.Build.0 = Debug|Any CPU
		{4EAD3BD6-E452-4B22-B7BC-2754B411FDB4}.Release|Any CPU.ActiveCfg = Release|Any CPU
		{4EAD3BD6-E452-4B22-B7BC-2754B411FDB4}.Release|Any CPU.Build.0 = Release|Any CPU
	EndGlobalSection
	GlobalSection(SolutionProperties) = preSolution
		HideSolutionNode = FALSE
	EndGlobalSection
	GlobalSection(ExtensibilityGlobals) = postSolution
		SolutionGuid = {E65D2FAE-790C-4908-A62C-CCAC6A77B70A}
	EndGlobalSection
EndGlobal
